{
  "lockfileVersion": 1,
  "configVersion": 1,
  "workspaces": {
    "": {
      "name": "handwrite",
      "dependencies": {
        "opentype.js": "^2.0.0",
        "perfect-freehand": "^1.2.3",
        "polygon-clipping": "^0.15.7",
      },
      "devDependencies": {
        "@types/bun": "^1.3.14",
        "@types/node": "^22.0.0",
        "@types/opentype.js": "^1.3.10",
        "typescript": "^5.6.0",
      },
    },
  },
  "packages": {
    "@types/bun": ["@types/bun@1.3.14", "", { "dependencies": { "bun-types": "1.3.14" } }, "sha512-h1hFqFVcvAvD9j9K7ZW7vd82aSA+rTdznZa+5bwvCwqSB1jmmfLcbIWhOLx1/+boy/xmjgCs/OMUL8hRJSmnPw=="],

    "@types/node": ["@types/node@22.19.19", "", { "dependencies": { "undici-types": "~6.21.0" } }, "sha512-dyh/xO2Fh5bYrfWaaqGrRQQGkNdmYw6AmaAUvYeUMNTWQtvb796ikLdmTchRmOlOiIJ1TDXfWgVx1QkUlQ6Hew=="],

    "@types/opentype.js": ["@types/opentype.js@1.3.10", "", {}, "sha512-F67EFyk6j02okHz5JCgata3ZRAcZi9GLnzmkHw/rzJq3OCc8/ZVdoKrxMTYjcQP6IYHGBz2cav1cpzkOkPiPCQ=="],

    "bun-types": ["bun-types@1.3.14", "", { "dependencies": { "@types/node": "*" } }, "sha512-4N0ig0fEomHt5R0KCFWjovxow98rIoRwKolrYdCcknNwMekCXRnWEUvgu5soYV8QXtVsrUD8B95MBOZGPvr6KQ=="],

    "opentype.js": ["opentype.js@2.0.0", "", { "bin": { "ot": "bin/ot" } }, "sha512-kCyjv6xdDY1W/jLWZ/L3QhhTlKUqDZMQ5+Jdlw12b3dXkKNpYBqqlMMj0YDQPShWFTMwgZI1hG14kN3XUDSg/A=="],

    "perfect-freehand": ["perfect-freehand@1.2.3", "", {}, "sha512-bHZSfqDHGNlPpgH2yxXgPHlQSPpEbo+qg7li0M78J9vNAi2yjwLeA4x79BEQhX44lEWpCLSFCeRZwpw0niiXPA=="],

    "polygon-clipping": ["polygon-clipping@0.15.7", "", { "dependencies": { "robust-predicates": "^3.0.2", "splaytree": "^3.1.0" } }, "sha512-nhfdr83ECBg6xtqOAJab1tbksbBAOMUltN60bU+llHVOL0e5Onm1WpAXXWXVB39L8AJFssoIhEVuy/S90MmotA=="],

    "robust-predicates": ["robust-predicates@3.0.3", "", {}, "sha512-NS3levdsRIUOmiJ8FZWCP7LG3QpJyrs/TE0Zpf1yvZu8cAJJ6QMW92H1c7kWpdIHo8RvmLxN/o2JXTKHp74lUA=="],

    "splaytree": ["splaytree@3.2.3", "", {}, "sha512-7OXrNWzy6CK+r7Ch9OLPBDTKfB6XlWHjX4P0RU5B3IgFuWPeYN0XtRtlexGRjgbQxpfaUve6jTAwBGWuGntz/w=="],

    "typescript": ["typescript@5.9.3", "", { "bin": { "tsc": "bin/tsc", "tsserver": "bin/tsserver" } }, "sha512-jl1vZzPDinLr9eUt3J/t7V6FgNEw9QjvBPdysz9KfQDD41fQrC2Y4vKQdiaUpFT4bXlb1RHhLpp8wtm6M5TgSw=="],

    "undici-types": ["undici-types@6.21.0", "", {}, "sha512-iwDZqg0QAGrg9Rav5H4n0M64c3mkR59cJ6wQp+7C4nI0gsmExaedaYLNO44eT4AtBBwjbTiGPMlt2Md0T9H9JQ=="],
  }
}
